
Microsoft Visual Studio Solution File, Format Version 12.00
# Visual Studio Version 17
VisualStudioVersion = 17.6.33815.320
MinimumVisualStudioVersion = 10.0.40219.1
Project("{2150E333-8FDC-42A3-9474-1A3956D46DE8}") = "Services", "Services", "{D2750FD7-FE92-4AF1-A044-DF271F8F4F5F}"
EndProject
Project("{2150E333-8FDC-42A3-9474-1A3956D46DE8}") = "Catalog", "Catalog", "{E4A4F0DB-FC5D-4064-88A7-D18B9E41E595}"
EndProject
Project("{9A19103F-16F7-4668-BE54-9A1E7A4F7556}") = "Catalog.API", "Services\Catalog\Catalog.API\Catalog.API.csproj", "{1ECF0862-2122-44A5-B8E9-45878986E3B1}"
EndProject
Project("{E53339B2-1760-4266-BCC7-CA923CBCF16C}") = "docker-compose", "docker-compose.dcproj", "{9D2AA7F2-BD44-444E-9390-1DB7D5414BBD}"
EndProject
Project("{2150E333-8FDC-42A3-9474-1A3956D46DE8}") = "Basket", "Basket", "{187E7201-0F55-4506-9A06-BC15BF194774}"
EndProject
Project("{9A19103F-16F7-4668-BE54-9A1E7A4F7556}") = "Basket.API", "Services\Basket\Basket.API\Basket.API.csproj", "{6D7DF886-EB32-483A-8279-6980CCBCB377}"
EndProject
Project("{2150E333-8FDC-42A3-9474-1A3956D46DE8}") = "Discount", "Discount", "{751969E6-B110-43C7-8E2A-34481E595199}"
EndProject
Project("{9A19103F-16F7-4668-BE54-9A1E7A4F7556}") = "Discount.API", "Services\Discount\Descount.API\Discount.API.csproj", "{E28D37A5-BD42-467A-8857-A7FB490D24F6}"
EndProject
Project("{9A19103F-16F7-4668-BE54-9A1E7A4F7556}") = "Discount.Grpc", "Services\Discount\Discount.Grpc\Discount.Grpc.csproj", "{1F9BF710-5876-403C-AB6D-74C2872802B1}"
EndProject
Project("{2150E333-8FDC-42A3-9474-1A3956D46DE8}") = "Ordering", "Ordering", "{C33C1753-B39B-41D8-82CE-A3C39DAA4A68}"
EndProject
Project("{9A19103F-16F7-4668-BE54-9A1E7A4F7556}") = "Ordering.API", "Services\Ordering\Ordering.API\Ordering.API.csproj", "{367B00BE-586E-406B-B39A-61E2BA4249E8}"
EndProject
Project("{9A19103F-16F7-4668-BE54-9A1E7A4F7556}") = "Ordering.Application", "Services\Ordering\Ordering.Application\Ordering.Application.csproj", "{AB95C990-9B32-4370-BF90-143765318602}"
EndProject
Project("{9A19103F-16F7-4668-BE54-9A1E7A4F7556}") = "Ordering.Infrastructure", "Services\Ordering\Ordering.Infrastructure\Ordering.Infrastructure.csproj", "{8998408D-83A7-4694-A8B8-7B2AE4EFA124}"
EndProject
Project("{9A19103F-16F7-4668-BE54-9A1E7A4F7556}") = "Ordering.Domain", "Services\Ordering\Ordering.Domain\Ordering.Domain.csproj", "{7CE7414A-C314-480B-92DE-151A99977146}"
EndProject
Global
	GlobalSection(SolutionConfigurationPlatforms) = preSolution
		Debug|Any CPU = Debug|Any CPU
		Release|Any CPU = Release|Any CPU
	EndGlobalSection
	GlobalSection(ProjectConfigurationPlatforms) = postSolution
		{1ECF0862-2122-44A5-B8E9-45878986E3B1}.Debug|Any CPU.ActiveCfg = Debug|Any CPU
		{1ECF0862-2122-44A5-B8E9-45878986E3B1}.Debug|Any CPU.Build.0 = Debug|Any CPU
		{1ECF0862-2122-44A5-B8E9-45878986E3B1}.Release|Any CPU.ActiveCfg = Release|Any CPU
		{1ECF0862-2122-44A5-B8E9-45878986E3B1}.Release|Any CPU.Build.0 = Release|Any CPU
		{9D2AA7F2-BD44-444E-9390-1DB7D5414BBD}.Debug|Any CPU.ActiveCfg = Debug|Any CPU
		{9D2AA7F2-BD44-444E-9390-1DB7D5414BBD}.Debug|Any CPU.Build.0 = Debug|Any CPU
		{9D2AA7F2-BD44-444E-9390-1DB7D5414BBD}.Release|Any CPU.ActiveCfg = Release|Any CPU
		{9D2AA7F2-BD44-444E-9390-1DB7D5414BBD}.Release|Any CPU.Build.0 = Release|Any CPU
		{6D7DF886-EB32-483A-8279-6980CCBCB377}.Debug|Any CPU.ActiveCfg = Debug|Any CPU
		{6D7DF886-EB32-483A-8279-6980CCBCB377}.Debug|Any CPU.Build.0 = Debug|Any CPU
		{6D7DF886-EB32-483A-8279-6980CCBCB377}.Release|Any CPU.ActiveCfg = Release|Any CPU
		{6D7DF886-EB32-483A-8279-6980CCBCB377}.Release|Any CPU.Build.0 = Release|Any CPU
		{E28D37A5-BD42-467A-8857-A7FB490D24F6}.Debug|Any CPU.ActiveCfg = Debug|Any CPU
		{E28D37A5-BD42-467A-8857-A7FB490D24F6}.Debug|Any CPU.Build.0 = Debug|Any CPU
		{E28D37A5-BD42-467A-8857-A7FB490D24F6}.Release|Any CPU.ActiveCfg = Release|Any CPU
		{E28D37A5-BD42-467A-8857-A7FB490D24F6}.Release|Any CPU.Build.0 = Release|Any CPU
		{1F9BF710-5876-403C-AB6D-74C2872802B1}.Debug|Any CPU.ActiveCfg = Debug|Any CPU
		{1F9BF710-5876-403C-AB6D-74C2872802B1}.Debug|Any CPU.Build.0 = Debug|Any CPU
		{1F9BF710-5876-403C-AB6D-74C2872802B1}.Release|Any CPU.ActiveCfg = Release|Any CPU
		{1F9BF710-5876-403C-AB6D-74C2872802B1}.Release|Any CPU.Build.0 = Release|Any CPU
		{367B00BE-586E-406B-B39A-61E2BA4249E8}.Debug|Any CPU.ActiveCfg = Debug|Any CPU
		{367B00BE-586E-406B-B39A-61E2BA4249E8}.Debug|Any CPU.Build.0 = Debug|Any CPU
		{367B00BE-586E-406B-B39A-61E2BA4249E8}.Release|Any CPU.ActiveCfg = Release|Any CPU
		{367B00BE-586E-406B-B39A-61E2BA4249E8}.Release|Any CPU.Build.0 = Release|Any CPU
		{AB95C990-9B32-4370-BF90-143765318602}.Debug|Any CPU.ActiveCfg = Debug|Any CPU
		{AB95C990-9B32-4370-BF90-143765318602}.Debug|Any CPU.Build.0 = Debug|Any CPU
		{AB95C990-9B32-4370-BF90-143765318602}.Release|Any CPU.ActiveCfg = Release|Any CPU
		{AB95C990-9B32-4370-BF90-143765318602}.Release|Any CPU.Build.0 = Release|Any CPU
		{8998408D-83A7-4694-A8B8-7B2AE4EFA124}.Debug|Any CPU.ActiveCfg = Debug|Any CPU
		{8998408D-83A7-4694-A8B8-7B2AE4EFA124}.Debug|Any CPU.Build.0 = Debug|Any CPU
		{8998408D-83A7-4694-A8B8-7B2AE4EFA124}.Release|Any CPU.ActiveCfg = Release|Any CPU
		{8998408D-83A7-4694-A8B8-7B2AE4EFA124}.Release|Any CPU.Build.0 = Release|Any CPU
		{7CE7414A-C314-480B-92DE-151A99977146}.Debug|Any CPU.ActiveCfg = Debug|Any CPU
		{7CE7414A-C314-480B-92DE-151A99977146}.Debug|Any CPU.Build.0 = Debug|Any CPU
		{7CE7414A-C314-480B-92DE-151A99977146}.Release|Any CPU.ActiveCfg = Release|Any CPU
		{7CE7414A-C314-480B-92DE-151A99977146}.Release|Any CPU.Build.0 = Release|Any CPU
	EndGlobalSection
	GlobalSection(SolutionProperties) = preSolution
		HideSolutionNode = FALSE
	EndGlobalSection
	GlobalSection(NestedProjects) = preSolution
		{E4A4F0DB-FC5D-4064-88A7-D18B9E41E595} = {D2750FD7-FE92-4AF1-A044-DF271F8F4F5F}
		{1ECF0862-2122-44A5-B8E9-45878986E3B1} = {E4A4F0DB-FC5D-4064-88A7-D18B9E41E595}
		{187E7201-0F55-4506-9A06-BC15BF194774} = {D2750FD7-FE92-4AF1-A044-DF271F8F4F5F}
		{6D7DF886-EB32-483A-8279-6980CCBCB377} = {187E7201-0F55-4506-9A06-BC15BF194774}
		{751969E6-B110-43C7-8E2A-34481E595199} = {D2750FD7-FE92-4AF1-A044-DF271F8F4F5F}
		{E28D37A5-BD42-467A-8857-A7FB490D24F6} = {751969E6-B110-43C7-8E2A-34481E595199}
		{1F9BF710-5876-403C-AB6D-74C2872802B1} = {751969E6-B110-43C7-8E2A-34481E595199}
		{C33C1753-B39B-41D8-82CE-A3C39DAA4A68} = {D2750FD7-FE92-4AF1-A044-DF271F8F4F5F}
		{367B00BE-586E-406B-B39A-61E2BA4249E8} = {C33C1753-B39B-41D8-82CE-A3C39DAA4A68}
		{AB95C990-9B32-4370-BF90-143765318602} = {C33C1753-B39B-41D8-82CE-A3C39DAA4A68}
		{8998408D-83A7-4694-A8B8-7B2AE4EFA124} = {C33C1753-B39B-41D8-82CE-A3C39DAA4A68}
		{7CE7414A-C314-480B-92DE-151A99977146} = {C33C1753-B39B-41D8-82CE-A3C39DAA4A68}
	EndGlobalSection
	GlobalSection(ExtensibilityGlobals) = postSolution
		SolutionGuid = {7A3452ED-62DF-4210-93CB-E61304261ACA}
	EndGlobalSection
EndGlobal
